
Microsoft Visual Studio Solution File, Format Version 12.00
# Visual Studio Version 17
VisualStudioVersion = 17.9.34622.214
MinimumVisualStudioVersion = 10.0.40219.1
Project("{FAE04EC0-301F-11D3-BF4B-00C04F79EFBC}") = "SoundAider", "SoundAider.csproj", "{91B52ACE-41A6-4FD8-AA8A-75FF80BF27A7}"
EndProject
Global
	GlobalSection(SolutionConfigurationPlatforms) = preSolution
		Debug|Any CPU = Debug|Any CPU
		Release|Any CPU = Release|Any CPU
	EndGlobalSection
	GlobalSection(ProjectConfigurationPlatforms) = postSolution
		{91B52ACE-41A6-4FD8-AA8A-75FF80BF27A7}.Debug|Any CPU.ActiveCfg = Debug|Any CPU
		{91B52ACE-41A6-4FD8-AA8A-75FF80BF27A7}.Debug|Any CPU.Build.0 = Debug|Any CPU
		{91B52ACE-41A6-4FD8-AA8A-75FF80BF27A7}.Release|Any CPU.ActiveCfg = Release|Any CPU
		{91B52ACE-41A6-4FD8-AA8A-75FF80BF27A7}.Release|Any CPU.Build.0 = Release|Any CPU
	EndGlobalSection
	GlobalSection(SolutionProperties) = preSolution
		HideSolutionNode = FALSE
	EndGlobalSection
	GlobalSection(ExtensibilityGlobals) = postSolution
		SolutionGuid = {759FC7FB-EF44-45CB-9FE0-07A70155D2D6}
	EndGlobalSection
EndGlobal
